
Microsoft Visual Studio Solution File, Format Version 12.00
Project("{2150E333-8FDC-42A3-9474-1A3956D46DE8}") = "Services", "Services", "{63CDA334-54FE-4F8B-9662-71DBBA4A9CF1}"
EndProject
Project("{FAE04EC0-301F-11D3-BF4B-00C04F79EFBC}") = "Product", "Product\Product.csproj", "{5B332F93-39C3-49B7-8143-AC88D0E1CFD3}"
EndProject
Project("{FAE04EC0-301F-11D3-BF4B-00C04F79EFBC}") = "Payment", "Payment\Payment.csproj", "{52C473CD-2DE9-49B2-AF97-3DD73B9B62E1}"
EndProject
Project("{FAE04EC0-301F-11D3-BF4B-00C04F79EFBC}") = "Catalog", "Catalog\Catalog.csproj", "{F21568A4-FBD6-4935-A4E1-6809D51F5F3D}"
EndProject
Project("{FAE04EC0-301F-11D3-BF4B-00C04F79EFBC}") = "Cart", "Cart\Cart.csproj", "{B3C901D7-D121-4EEA-AA02-05055CFFBD6A}"
EndProject
Project("{FAE04EC0-301F-11D3-BF4B-00C04F79EFBC}") = "Inventory", "Inventory\Inventory.csproj", "{9ACB939D-40DF-4A82-AAD0-EF18D71531E2}"
EndProject
Project("{FAE04EC0-301F-11D3-BF4B-00C04F79EFBC}") = "Search", "Search\Search.csproj", "{C7D83F8F-F573-42FA-91D9-7C54111B9053}"
EndProject
Project("{FAE04EC0-301F-11D3-BF4B-00C04F79EFBC}") = "AppHost", "AppHost\AppHost.csproj", "{85A1CCAE-A46B-4749-9737-1D7AB7034068}"
EndProject
Project("{2150E333-8FDC-42A3-9474-1A3956D46DE8}") = "Properties", "Properties", "{56CFF4C0-8725-437D-AEAD-9A7629898F18}"
EndProject
Global
	GlobalSection(SolutionConfigurationPlatforms) = preSolution
		Debug|Any CPU = Debug|Any CPU
		Release|Any CPU = Release|Any CPU
	EndGlobalSection
	GlobalSection(NestedProjects) = preSolution
		{5B332F93-39C3-49B7-8143-AC88D0E1CFD3} = {63CDA334-54FE-4F8B-9662-71DBBA4A9CF1}
		{52C473CD-2DE9-49B2-AF97-3DD73B9B62E1} = {63CDA334-54FE-4F8B-9662-71DBBA4A9CF1}
		{F21568A4-FBD6-4935-A4E1-6809D51F5F3D} = {63CDA334-54FE-4F8B-9662-71DBBA4A9CF1}
		{B3C901D7-D121-4EEA-AA02-05055CFFBD6A} = {63CDA334-54FE-4F8B-9662-71DBBA4A9CF1}
		{9ACB939D-40DF-4A82-AAD0-EF18D71531E2} = {63CDA334-54FE-4F8B-9662-71DBBA4A9CF1}
		{C7D83F8F-F573-42FA-91D9-7C54111B9053} = {63CDA334-54FE-4F8B-9662-71DBBA4A9CF1}
	EndGlobalSection
	GlobalSection(ProjectConfigurationPlatforms) = postSolution
		{5B332F93-39C3-49B7-8143-AC88D0E1CFD3}.Debug|Any CPU.ActiveCfg = Debug|Any CPU
		{5B332F93-39C3-49B7-8143-AC88D0E1CFD3}.Debug|Any CPU.Build.0 = Debug|Any CPU
		{5B332F93-39C3-49B7-8143-AC88D0E1CFD3}.Release|Any CPU.ActiveCfg = Release|Any CPU
		{5B332F93-39C3-49B7-8143-AC88D0E1CFD3}.Release|Any CPU.Build.0 = Release|Any CPU
		{52C473CD-2DE9-49B2-AF97-3DD73B9B62E1}.Debug|Any CPU.ActiveCfg = Debug|Any CPU
		{52C473CD-2DE9-49B2-AF97-3DD73B9B62E1}.Debug|Any CPU.Build.0 = Debug|Any CPU
		{52C473CD-2DE9-49B2-AF97-3DD73B9B62E1}.Release|Any CPU.ActiveCfg = Release|Any CPU
		{52C473CD-2DE9-49B2-AF97-3DD73B9B62E1}.Release|Any CPU.Build.0 = Release|Any CPU
		{F21568A4-FBD6-4935-A4E1-6809D51F5F3D}.Debug|Any CPU.ActiveCfg = Debug|Any CPU
		{F21568A4-FBD6-4935-A4E1-6809D51F5F3D}.Debug|Any CPU.Build.0 = Debug|Any CPU
		{F21568A4-FBD6-4935-A4E1-6809D51F5F3D}.Release|Any CPU.ActiveCfg = Release|Any CPU
		{F21568A4-FBD6-4935-A4E1-6809D51F5F3D}.Release|Any CPU.Build.0 = Release|Any CPU
		{B3C901D7-D121-4EEA-AA02-05055CFFBD6A}.Debug|Any CPU.ActiveCfg = Debug|Any CPU
		{B3C901D7-D121-4EEA-AA02-05055CFFBD6A}.Debug|Any CPU.Build.0 = Debug|Any CPU
		{B3C901D7-D121-4EEA-AA02-05055CFFBD6A}.Release|Any CPU.ActiveCfg = Release|Any CPU
		{B3C901D7-D121-4EEA-AA02-05055CFFBD6A}.Release|Any CPU.Build.0 = Release|Any CPU
		{9ACB939D-40DF-4A82-AAD0-EF18D71531E2}.Debug|Any CPU.ActiveCfg = Debug|Any CPU
		{9ACB939D-40DF-4A82-AAD0-EF18D71531E2}.Debug|Any CPU.Build.0 = Debug|Any CPU
		{9ACB939D-40DF-4A82-AAD0-EF18D71531E2}.Release|Any CPU.ActiveCfg = Release|Any CPU
		{9ACB939D-40DF-4A82-AAD0-EF18D71531E2}.Release|Any CPU.Build.0 = Release|Any CPU
		{C7D83F8F-F573-42FA-91D9-7C54111B9053}.Debug|Any CPU.ActiveCfg = Debug|Any CPU
		{C7D83F8F-F573-42FA-91D9-7C54111B9053}.Debug|Any CPU.Build.0 = Debug|Any CPU
		{C7D83F8F-F573-42FA-91D9-7C54111B9053}.Release|Any CPU.ActiveCfg = Release|Any CPU
		{C7D83F8F-F573-42FA-91D9-7C54111B9053}.Release|Any CPU.Build.0 = Release|Any CPU
		{85A1CCAE-A46B-4749-9737-1D7AB7034068}.Debug|Any CPU.ActiveCfg = Debug|Any CPU
		{85A1CCAE-A46B-4749-9737-1D7AB7034068}.Debug|Any CPU.Build.0 = Debug|Any CPU
		{85A1CCAE-A46B-4749-9737-1D7AB7034068}.Release|Any CPU.ActiveCfg = Release|Any CPU
		{85A1CCAE-A46B-4749-9737-1D7AB7034068}.Release|Any CPU.Build.0 = Release|Any CPU
	EndGlobalSection
EndGlobal
